// !$*UTF8*$!
{
	archiveVersion = 1;
	classes = {
	};
	objectVersion = 77;
	objects = {

/* Begin PBXContainerItemProxy section */
		1361AAB12D07DCD400C21C2E /* PBXContainerItemProxy */ = {
			isa = PBXContainerItemProxy;
			containerPortal = 1361AA982D07DCCD00C21C2E /* Project object */;
			proxyType = 1;
			remoteGlobalIDString = 1361AA9F2D07DCCD00C21C2E;
			remoteInfo = RefactoringAndTest;
		};
		1361AABB2D07DCD400C21C2E /* PBXContainerItemProxy */ = {
			isa = PBXContainerItemProxy;
			containerPortal = 1361AA982D07DCCD00C21C2E /* Project object */;
			proxyType = 1;
			remoteGlobalIDString = 1361AA9F2D07DCCD00C21C2E;
			remoteInfo = RefactoringAndTest;
		};
/* End PBXContainerItemProxy section */

/* Begin PBXFileReference section */
		1361AAA02D07DCCD00C21C2E /* RefactoringAndTest.app */ = {isa = PBXFileReference; explicitFileType = wrapper.application; includeInIndex = 0; path = RefactoringAndTest.app; sourceTree = BUILT_PRODUCTS_DIR; };
		1361AAB02D07DCD400C21C2E /* RefactoringAndTestTests.xctest */ = {isa = PBXFileReference; explicitFileType = wrapper.cfbundle; includeInIndex = 0; path = RefactoringAndTestTests.xctest; sourceTree = BUILT_PRODUCTS_DIR; };
		1361AABA2D07DCD400C21C2E /* RefactoringAndTestUITests.xctest */ = {isa = PBXFileReference; explicitFileType = wrapper.cfbundle; includeInIndex = 0; path = RefactoringAndTestUITests.xctest; sourceTree = BUILT_PRODUCTS_DIR; };
/* End PBXFileReference section */

/* Begin PBXFileSystemSynchronizedRootGroup section */
		1361AAA22D07DCCD00C21C2E /* RefactoringAndTest */ = {
			isa = PBXFileSystemSynchronizedRootGroup;
			path = RefactoringAndTest;
			sourceTree = "<group>";
		};
		1361AAB32D07DCD400C21C2E /* RefactoringAndTestTests */ = {
			isa = PBXFileSystemSynchronizedRootGroup;
			path = RefactoringAndTestTests;
			sourceTree = "<group>";
		};
		1361AABD2D07DCD400C21C2E /* RefactoringAndTestUITests */ = {
			isa = PBXFileSystemSynchronizedRootGroup;
			path = RefactoringAndTestUITests;
			sourceTree = "<group>";
		};
/* End PBXFileSystemSynchronizedRootGroup section */

/* Begin PBXFrameworksBuildPhase section */
		1361AA9D2D07DCCD00C21C2E /* Frameworks */ = {
			isa = PBXFrameworksBuildPhase;
			buildActionMask = 2147483647;
			files = (
			);
			runOnlyForDeploymentPostprocessing = 0;
		};
		1361AAAD2D07DCD400C21C2E /* Frameworks */ = {
			isa = PBXFrameworksBuildPhase;
			buildActionMask = 2147483647;
			files = (
			);
			runOnlyForDeploymentPostprocessing = 0;
		};
		1361AAB72D07DCD400C21C2E /* Frameworks */ = {
			isa = PBXFrameworksBuildPhase;
			buildActionMask = 2147483647;
			files = (
			);
			runOnlyForDeploymentPostprocessing = 0;
		};
/* End PBXFrameworksBuildPhase section */

/* Begin PBXGroup section */
		1361AA972D07DCCD00C21C2E = {
			isa = PBXGroup;
			children = (
				1361AAA22D07DCCD00C21C2E /* RefactoringAndTest */,
				1361AAB32D07DCD400C21C2E /* RefactoringAndTestTests */,
				1361AABD2D07DCD400C21C2E /* RefactoringAndTestUITests */,
				1361AAA12D07DCCD00C21C2E /* Products */,
			);
			sourceTree = "<group>";
		};
		1361AAA12D07DCCD00C21C2E /* Products */ = {
			isa = PBXGroup;
			children = (
				1361AAA02D07DCCD00C21C2E /* RefactoringAndTest.app */,
				1361AAB02D07DCD400C21C2E /* RefactoringAndTestTests.xctest */,
				1361AABA2D07DCD400C21C2E /* RefactoringAndTestUITests.xctest */,
			);
			name = Products;
			sourceTree = "<group>";
		};
/* End PBXGroup section */

/* Begin PBXNativeTarget section */
		1361AA9F2D07DCCD00C21C2E /* RefactoringAndTest */ = {
			isa = PBXNativeTarget;
			buildConfigurationList = 1361AAC42D07DCD400C21C2E /* Build configuration list for PBXNativeTarget "RefactoringAndTest" */;
			buildPhases = (
				1361AA9C2D07DCCD00C21C2E /* Sources */,
				1361AA9D2D07DCCD00C21C2E /* Frameworks */,
				1361AA9E2D07DCCD00C21C2E /* Resources */,
			);
			buildRules = (
			);
			dependencies = (
			);
			fileSystemSynchronizedGroups = (
				1361AAA22D07DCCD00C21C2E /* RefactoringAndTest */,
			);
			name = RefactoringAndTest;
			packageProductDependencies = (
			);
			productName = RefactoringAndTest;
			productReference = 1361AAA02D07DCCD00C21C2E /* RefactoringAndTest.app */;
			productType = "com.apple.product-type.application";
		};
		1361AAAF2D07DCD400C21C2E /* RefactoringAndTestTests */ = {
			isa = PBXNativeTarget;
			buildConfigurationList = 1361AAC72D07DCD400C21C2E /* Build configuration list for PBXNativeTarget "RefactoringAndTestTests" */;
			buildPhases = (
				1361AAAC2D07DCD400C21C2E /* Sources */,
				1361AAAD2D07DCD400C21C2E /* Frameworks */,
				1361AAAE2D07DCD400C21C2E /* Resources */,
			);
			buildRules = (
			);
			dependencies = (
				1361AAB22D07DCD400C21C2E /* PBXTargetDependency */,
			);
			fileSystemSynchronizedGroups = (
				1361AAB32D07DCD400C21C2E /* RefactoringAndTestTests */,
			);
			name = RefactoringAndTestTests;
			packageProductDependencies = (
			);
			productName = RefactoringAndTestTests;
			productReference = 1361AAB02D07DCD400C21C2E /* RefactoringAndTestTests.xctest */;
			productType = "com.apple.product-type.bundle.unit-test";
		};
		1361AAB92D07DCD400C21C2E /* RefactoringAndTestUITests */ = {
			isa = PBXNativeTarget;
			buildConfigurationList = 1361AACA2D07DCD400C21C2E /* Build configuration list for PBXNativeTarget "RefactoringAndTestUITests" */;
			buildPhases = (
				1361AAB62D07DCD400C21C2E /* Sources */,
				1361AAB72D07DCD400C21C2E /* Frameworks */,
				1361AAB82D07DCD400C21C2E /* Resources */,
			);
			buildRules = (
			);
			dependencies = (
				1361AABC2D07DCD400C21C2E /* PBXTargetDependency */,
			);
			fileSystemSynchronizedGroups = (
				1361AABD2D07DCD400C21C2E /* RefactoringAndTestUITests */,
			);
			name = RefactoringAndTestUITests;
			packageProductDependencies = (
			);
			productName = RefactoringAndTestUITests;
			productReference = 1361AABA2D07DCD400C21C2E /* RefactoringAndTestUITests.xctest */;
			productType = "com.apple.product-type.bundle.ui-testing";
		};
/* End PBXNativeTarget section */

/* Begin PBXProject section */
		1361AA982D07DCCD00C21C2E /* Project object */ = {
			isa = PBXProject;
			attributes = {
				BuildIndependentTargetsInParallel = 1;
				LastSwiftUpdateCheck = 1610;
				LastUpgradeCheck = 1610;
				TargetAttributes = {
					1361AA9F2D07DCCD00C21C2E = {
						CreatedOnToolsVersion = 16.1;
					};
					1361AAAF2D07DCD400C21C2E = {
						CreatedOnToolsVersion = 16.1;
						TestTargetID = 1361AA9F2D07DCCD00C21C2E;
					};
					1361AAB92D07DCD400C21C2E = {
						CreatedOnToolsVersion = 16.1;
						TestTargetID = 1361AA9F2D07DCCD00C21C2E;
					};
				};
			};
			buildConfigurationList = 1361AA9B2D07DCCD00C21C2E /* Build configuration list for PBXProject "RefactoringAndTest" */;
			developmentRegion = en;
			hasScannedForEncodings = 0;
			knownRegions = (
				en,
				Base,
			);
			mainGroup = 1361AA972D07DCCD00C21C2E;
			minimizedProjectReferenceProxies = 1;
			preferredProjectObjectVersion = 77;
			productRefGroup = 1361AAA12D07DCCD00C21C2E /* Products */;
			projectDirPath = "";
			projectRoot = "";
			targets = (
				1361AA9F2D07DCCD00C21C2E /* RefactoringAndTest */,
				1361AAAF2D07DCD400C21C2E /* RefactoringAndTestTests */,
				1361AAB92D07DCD400C21C2E /* RefactoringAndTestUITests */,
			);
		};
/* End PBXProject section */

/* Begin PBXResourcesBuildPhase section */
		1361AA9E2D07DCCD00C21C2E /* Resources */ = {
			isa = PBXResourcesBuildPhase;
			buildActionMask = 2147483647;
			files = (
			);
			runOnlyForDeploymentPostprocessing = 0;
		};
		1361AAAE2D07DCD400C21C2E /* Resources */ = {
			isa = PBXResourcesBuildPhase;
			buildActionMask = 2147483647;
			files = (
			);
			runOnlyForDeploymentPostprocessing = 0;
		};
		1361AAB82D07DCD400C21C2E /* Resources */ = {
			isa = PBXResourcesBuildPhase;
			buildActionMask = 2147483647;
			files = (
			);
			runOnlyForDeploymentPostprocessing = 0;
		};
/* End PBXResourcesBuildPhase section */

/* Begin PBXSourcesBuildPhase section */
		1361AA9C2D07DCCD00C21C2E /* Sources */ = {
			isa = PBXSourcesBuildPhase;
			buildActionMask = 2147483647;
			files = (
			);
			runOnlyForDeploymentPostprocessing = 0;
		};
		1361AAAC2D07DCD400C21C2E /* Sources */ = {
			isa = PBXSourcesBuildPhase;
			buildActionMask = 2147483647;
			files = (
			);
			runOnlyForDeploymentPostprocessing = 0;
		};
		1361AAB62D07DCD400C21C2E /* Sources */ = {
			isa = PBXSourcesBuildPhase;
			buildActionMask = 2147483647;
			files = (
			);
			runOnlyForDeploymentPostprocessing = 0;
		};
/* End PBXSourcesBuildPhase section */

/* Begin PBXTargetDependency section */
		1361AAB22D07DCD400C21C2E /* PBXTargetDependency */ = {
			isa = PBXTargetDependency;
			target = 1361AA9F2D07DCCD00C21C2E /* RefactoringAndTest */;
			targetProxy = 1361AAB12D07DCD400C21C2E /* PBXContainerItemProxy */;
		};
		1361AABC2D07DCD400C21C2E /* PBXTargetDependency */ = {
			isa = PBXTargetDependency;
			target = 1361AA9F2D07DCCD00C21C2E /* RefactoringAndTest */;
			targetProxy = 1361AABB2D07DCD400C21C2E /* PBXContainerItemProxy */;
		};
/* End PBXTargetDependency section */

/* Begin XCBuildConfiguration section */
		1361AAC22D07DCD400C21C2E /* Debug */ = {
			isa = XCBuildConfiguration;
			buildSettings = {
				ALWAYS_SEARCH_USER_PATHS = NO;
				ASSETCATALOG_COMPILER_GENERATE_SWIFT_ASSET_SYMBOL_EXTENSIONS = YES;
				CLANG_ANALYZER_NONNULL = YES;
				CLANG_ANALYZER_NUMBER_OBJECT_CONVERSION = YES_AGGRESSIVE;
				CLANG_CXX_LANGUAGE_STANDARD = "gnu++20";
				CLANG_ENABLE_MODULES = YES;
				CLANG_ENABLE_OBJC_ARC = YES;
				CLANG_ENABLE_OBJC_WEAK = YES;
				CLANG_WARN_BLOCK_CAPTURE_AUTORELEASING = YES;
				CLANG_WARN_BOOL_CONVERSION = YES;
				CLANG_WARN_COMMA = YES;
				CLANG_WARN_CONSTANT_CONVERSION = YES;
				CLANG_WARN_DEPRECATED_OBJC_IMPLEMENTATIONS = YES;
				CLANG_WARN_DIRECT_OBJC_ISA_USAGE = YES_ERROR;
				CLANG_WARN_DOCUMENTATION_COMMENTS = YES;
				CLANG_WARN_EMPTY_BODY = YES;
				CLANG_WARN_ENUM_CONVERSION = YES;
				CLANG_WARN_INFINITE_RECURSION = YES;
				CLANG_WARN_INT_CONVERSION = YES;
				CLANG_WARN_NON_LITERAL_NULL_CONVERSION = YES;
				CLANG_WARN_OBJC_IMPLICIT_RETAIN_SELF = YES;
				CLANG_WARN_OBJC_LITERAL_CONVERSION = YES;
				CLANG_WARN_OBJC_ROOT_CLASS = YES_ERROR;
				CLANG_WARN_QUOTED_INCLUDE_IN_FRAMEWORK_HEADER = YES;
				CLANG_WARN_RANGE_LOOP_ANALYSIS = YES;
				CLANG_WARN_STRICT_PROTOTYPES = YES;
				CLANG_WARN_SUSPICIOUS_MOVE = YES;
				CLANG_WARN_UNGUARDED_AVAILABILITY = YES_AGGRESSIVE;
				CLANG_WARN_UNREACHABLE_CODE = YES;
				CLANG_WARN__DUPLICATE_METHOD_MATCH = YES;
				COPY_PHASE_STRIP = NO;
				DEBUG_INFORMATION_FORMAT = dwarf;
				ENABLE_STRICT_OBJC_MSGSEND = YES;
				ENABLE_TESTABILITY = YES;
				ENABLE_USER_SCRIPT_SANDBOXING = YES;
				GCC_C_LANGUAGE_STANDARD = gnu17;
				GCC_DYNAMIC_NO_PIC = NO;
				GCC_NO_COMMON_BLOCKS = YES;
				GCC_OPTIMIZATION_LEVEL = 0;
				GCC_PREPROCESSOR_DEFINITIONS = (
					"DEBUG=1",
					"$(inherited)",
				);
				GCC_WARN_64_TO_32_BIT_CONVERSION = YES;
				GCC_WARN_ABOUT_RETURN_TYPE = YES_ERROR;
				GCC_WARN_UNDECLARED_SELECTOR = YES;
				GCC_WARN_UNINITIALIZED_AUTOS = YES_AGGRESSIVE;
				GCC_WARN_UNUSED_FUNCTION = YES;
				GCC_WARN_UNUSED_VARIABLE = YES;
				IPHONEOS_DEPLOYMENT_TARGET = 18.1;
				LOCALIZATION_PREFERS_STRING_CATALOGS = YES;
				MTL_ENABLE_DEBUG_INFO = INCLUDE_SOURCE;
				MTL_FAST_MATH = YES;
				ONLY_ACTIVE_ARCH = YES;
				SDKROOT = iphoneos;
				SWIFT_ACTIVE_COMPILATION_CONDITIONS = "DEBUG $(inherited)";
				SWIFT_OPTIMIZATION_LEVEL = "-Onone";
			};
			name = Debug;
		};
		1361AAC32D07DCD400C21C2E /* Release */ = {
			isa = XCBuildConfiguration;
			buildSettings = {
				ALWAYS_SEARCH_USER_PATHS = NO;
				ASSETCATALOG_COMPILER_GENERATE_SWIFT_ASSET_SYMBOL_EXTENSIONS = YES;
				CLANG_ANALYZER_NONNULL = YES;
				CLANG_ANALYZER_NUMBER_OBJECT_CONVERSION = YES_AGGRESSIVE;
				CLANG_CXX_LANGUAGE_STANDARD = "gnu++20";
				CLANG_ENABLE_MODULES = YES;
				CLANG_ENABLE_OBJC_ARC = YES;
				CLANG_ENABLE_OBJC_WEAK = YES;
				CLANG_WARN_BLOCK_CAPTURE_AUTORELEASING = YES;
				CLANG_WARN_BOOL_CONVERSION = YES;
				CLANG_WARN_COMMA = YES;
				CLANG_WARN_CONSTANT_CONVERSION = YES;
				CLANG_WARN_DEPRECATED_OBJC_IMPLEMENTATIONS = YES;
				CLANG_WARN_DIRECT_OBJC_ISA_USAGE = YES_ERROR;
				CLANG_WARN_DOCUMENTATION_COMMENTS = YES;
				CLANG_WARN_EMPTY_BODY = YES;
				CLANG_WARN_ENUM_CONVERSION = YES;
				CLANG_WARN_INFINITE_RECURSION = YES;
				CLANG_WARN_INT_CONVERSION = YES;
				CLANG_WARN_NON_LITERAL_NULL_CONVERSION = YES;
				CLANG_WARN_OBJC_IMPLICIT_RETAIN_SELF = YES;
				CLANG_WARN_OBJC_LITERAL_CONVERSION = YES;
				CLANG_WARN_OBJC_ROOT_CLASS = YES_ERROR;
				CLANG_WARN_QUOTED_INCLUDE_IN_FRAMEWORK_HEADER = YES;
				CLANG_WARN_RANGE_LOOP_ANALYSIS = YES;
				CLANG_WARN_STRICT_PROTOTYPES = YES;
				CLANG_WARN_SUSPICIOUS_MOVE = YES;
				CLANG_WARN_UNGUARDED_AVAILABILITY = YES_AGGRESSIVE;
				CLANG_WARN_UNREACHABLE_CODE = YES;
				CLANG_WARN__DUPLICATE_METHOD_MATCH = YES;
				COPY_PHASE_STRIP = NO;
				DEBUG_INFORMATION_FORMAT = "dwarf-with-dsym";
				ENABLE_NS_ASSERTIONS = NO;
				ENABLE_STRICT_OBJC_MSGSEND = YES;
				ENABLE_USER_SCRIPT_SANDBOXING = YES;
				GCC_C_LANGUAGE_STANDARD = gnu17;
				GCC_NO_COMMON_BLOCKS = YES;
				GCC_WARN_64_TO_32_BIT_CONVERSION = YES;
				GCC_WARN_ABOUT_RETURN_TYPE = YES_ERROR;
				GCC_WARN_UNDECLARED_SELECTOR = YES;
				GCC_WARN_UNINITIALIZED_AUTOS = YES_AGGRESSIVE;
				GCC_WARN_UNUSED_FUNCTION = YES;
				GCC_WARN_UNUSED_VARIABLE = YES;
				IPHONEOS_DEPLOYMENT_TARGET = 18.1;
				LOCALIZATION_PREFERS_STRING_CATALOGS = YES;
				MTL_ENABLE_DEBUG_INFO = NO;
				MTL_FAST_MATH = YES;
				SDKROOT = iphoneos;
				SWIFT_COMPILATION_MODE = wholemodule;
				VALIDATE_PRODUCT = YES;
			};
			name = Release;
		};
		1361AAC52D07DCD400C21C2E /* Debug */ = {
			isa = XCBuildConfiguration;
			buildSettings = {
				ASSETCATALOG_COMPILER_APPICON_NAME = AppIcon;
				ASSETCATALOG_COMPILER_GLOBAL_ACCENT_COLOR_NAME = AccentColor;
				CODE_SIGN_STYLE = Automatic;
				CURRENT_PROJECT_VERSION = 1;
				DEVELOPMENT_ASSET_PATHS = "\"RefactoringAndTest/Preview Content\"";
				DEVELOPMENT_TEAM = 4299D26PRR;
				ENABLE_PREVIEWS = YES;
				GENERATE_INFOPLIST_FILE = YES;
				INFOPLIST_KEY_UIApplicationSceneManifest_Generation = YES;
				INFOPLIST_KEY_UIApplicationSupportsIndirectInputEvents = YES;
				INFOPLIST_KEY_UILaunchScreen_Generation = YES;
				INFOPLIST_KEY_UISupportedInterfaceOrientations_iPad = "UIInterfaceOrientationPortrait UIInterfaceOrientationPortraitUpsideDown UIInterfaceOrientationLandscapeLeft UIInterfaceOrientationLandscapeRight";
				INFOPLIST_KEY_UISupportedInterfaceOrientations_iPhone = "UIInterfaceOrientationPortrait UIInterfaceOrientationLandscapeLeft UIInterfaceOrientationLandscapeRight";
				LD_RUNPATH_SEARCH_PATHS = (
					"$(inherited)",
					"@executable_path/Frameworks",
				);
				MARKETING_VERSION = 1.0;
				PRODUCT_BUNDLE_IDENTIFIER = com.popular.banco.RefactoringAndTest;
				PRODUCT_NAME = "$(TARGET_NAME)";
				SWIFT_EMIT_LOC_STRINGS = YES;
				SWIFT_VERSION = 5.0;
				TARGETED_DEVICE_FAMILY = "1,2";
			};
			name = Debug;
		};
		1361AAC62D07DCD400C21C2E /* Release */ = {
			isa = XCBuildConfiguration;
			buildSettings = {
				ASSETCATALOG_COMPILER_APPICON_NAME = AppIcon;
				ASSETCATALOG_COMPILER_GLOBAL_ACCENT_COLOR_NAME = AccentColor;
				CODE_SIGN_STYLE = Automatic;
				CURRENT_PROJECT_VERSION = 1;
				DEVELOPMENT_ASSET_PATHS = "\"RefactoringAndTest/Preview Content\"";
				DEVELOPMENT_TEAM = 4299D26PRR;
				ENABLE_PREVIEWS = YES;
				GENERATE_INFOPLIST_FILE = YES;
				INFOPLIST_KEY_UIApplicationSceneManifest_Generation = YES;
				INFOPLIST_KEY_UIApplicationSupportsIndirectInputEvents = YES;
				INFOPLIST_KEY_UILaunchScreen_Generation = YES;
				INFOPLIST_KEY_UISupportedInterfaceOrientations_iPad = "UIInterfaceOrientationPortrait UIInterfaceOrientationPortraitUpsideDown UIInterfaceOrientationLandscapeLeft UIInterfaceOrientationLandscapeRight";
				INFOPLIST_KEY_UISupportedInterfaceOrientations_iPhone = "UIInterfaceOrientationPortrait UIInterfaceOrientationLandscapeLeft UIInterfaceOrientationLandscapeRight";
				LD_RUNPATH_SEARCH_PATHS = (
					"$(inherited)",
					"@executable_path/Frameworks",
				);
				MARKETING_VERSION = 1.0;
				PRODUCT_BUNDLE_IDENTIFIER = com.popular.banco.RefactoringAndTest;
				PRODUCT_NAME = "$(TARGET_NAME)";
				SWIFT_EMIT_LOC_STRINGS = YES;
				SWIFT_VERSION = 5.0;
				TARGETED_DEVICE_FAMILY = "1,2";
			};
			name = Release;
		};
		1361AAC82D07DCD400C21C2E /* Debug */ = {
			isa = XCBuildConfiguration;
			buildSettings = {
				BUNDLE_LOADER = "$(TEST_HOST)";
				CODE_SIGN_STYLE = Automatic;
				CURRENT_PROJECT_VERSION = 1;
				DEVELOPMENT_TEAM = 4299D26PRR;
				GENERATE_INFOPLIST_FILE = YES;
				IPHONEOS_DEPLOYMENT_TARGET = 18.1;
				MARKETING_VERSION = 1.0;
				PRODUCT_BUNDLE_IDENTIFIER = com.popular.banco.RefactoringAndTestTests;
				PRODUCT_NAME = "$(TARGET_NAME)";
				SWIFT_EMIT_LOC_STRINGS = NO;
				SWIFT_VERSION = 5.0;
				TARGETED_DEVICE_FAMILY = "1,2";
				TEST_HOST = "$(BUILT_PRODUCTS_DIR)/RefactoringAndTest.app/$(BUNDLE_EXECUTABLE_FOLDER_PATH)/RefactoringAndTest";
			};
			name = Debug;
		};
		1361AAC92D07DCD400C21C2E /* Release */ = {
			isa = XCBuildConfiguration;
			buildSettings = {
				BUNDLE_LOADER = "$(TEST_HOST)";
				CODE_SIGN_STYLE = Automatic;
				CURRENT_PROJECT_VERSION = 1;
				DEVELOPMENT_TEAM = 4299D26PRR;
				GENERATE_INFOPLIST_FILE = YES;
				IPHONEOS_DEPLOYMENT_TARGET = 18.1;
				MARKETING_VERSION = 1.0;
				PRODUCT_BUNDLE_IDENTIFIER = com.popular.banco.RefactoringAndTestTests;
				PRODUCT_NAME = "$(TARGET_NAME)";
				SWIFT_EMIT_LOC_STRINGS = NO;
				SWIFT_VERSION = 5.0;
				TARGETED_DEVICE_FAMILY = "1,2";
				TEST_HOST = "$(BUILT_PRODUCTS_DIR)/RefactoringAndTest.app/$(BUNDLE_EXECUTABLE_FOLDER_PATH)/RefactoringAndTest";
			};
			name = Release;
		};
		1361AACB2D07DCD400C21C2E /* Debug */ = {
			isa = XCBuildConfiguration;
			buildSettings = {
				CODE_SIGN_STYLE = Automatic;
				CURRENT_PROJECT_VERSION = 1;
				DEVELOPMENT_TEAM = 4299D26PRR;
				GENERATE_INFOPLIST_FILE = YES;
				MARKETING_VERSION = 1.0;
				PRODUCT_BUNDLE_IDENTIFIER = com.popular.banco.RefactoringAndTestUITests;
				PRODUCT_NAME = "$(TARGET_NAME)";
				SWIFT_EMIT_LOC_STRINGS = NO;
				SWIFT_VERSION = 5.0;
				TARGETED_DEVICE_FAMILY = "1,2";
				TEST_TARGET_NAME = RefactoringAndTest;
			};
			name = Debug;
		};
		1361AACC2D07DCD400C21C2E /* Release */ = {
			isa = XCBuildConfiguration;
			buildSettings = {
				CODE_SIGN_STYLE = Automatic;
				CURRENT_PROJECT_VERSION = 1;
				DEVELOPMENT_TEAM = 4299D26PRR;
				GENERATE_INFOPLIST_FILE = YES;
				MARKETING_VERSION = 1.0;
				PRODUCT_BUNDLE_IDENTIFIER = com.popular.banco.RefactoringAndTestUITests;
				PRODUCT_NAME = "$(TARGET_NAME)";
				SWIFT_EMIT_LOC_STRINGS = NO;
				SWIFT_VERSION = 5.0;
				TARGETED_DEVICE_FAMILY = "1,2";
				TEST_TARGET_NAME = RefactoringAndTest;
			};
			name = Release;
		};
/* End XCBuildConfiguration section */

/* Begin XCConfigurationList section */
		1361AA9B2D07DCCD00C21C2E /* Build configuration list for PBXProject "RefactoringAndTest" */ = {
			isa = XCConfigurationList;
			buildConfigurations = (
				1361AAC22D07DCD400C21C2E /* Debug */,
				1361AAC32D07DCD400C21C2E /* Release */,
			);
			defaultConfigurationIsVisible = 0;
			defaultConfigurationName = Release;
		};
		1361AAC42D07DCD400C21C2E /* Build configuration list for PBXNativeTarget "RefactoringAndTest" */ = {
			isa = XCConfigurationList;
			buildConfigurations = (
				1361AAC52D07DCD400C21C2E /* Debug */,
				1361AAC62D07DCD400C21C2E /* Release */,
			);
			defaultConfigurationIsVisible = 0;
			defaultConfigurationName = Release;
		};
		1361AAC72D07DCD400C21C2E /* Build configuration list for PBXNativeTarget "RefactoringAndTestTests" */ = {
			isa = XCConfigurationList;
			buildConfigurations = (
				1361AAC82D07DCD400C21C2E /* Debug */,
				1361AAC92D07DCD400C21C2E /* Release */,
			);
			defaultConfigurationIsVisible = 0;
			defaultConfigurationName = Release;
		};
		1361AACA2D07DCD400C21C2E /* Build configuration list for PBXNativeTarget "RefactoringAndTestUITests" */ = {
			isa = XCConfigurationList;
			buildConfigurations = (
				1361AACB2D07DCD400C21C2E /* Debug */,
				1361AACC2D07DCD400C21C2E /* Release */,
			);
			defaultConfigurationIsVisible = 0;
			defaultConfigurationName = Release;
		};
/* End XCConfigurationList section */
	};
	rootObject = 1361AA982D07DCCD00C21C2E /* Project object */;
}
